
Microsoft Visual Studio Solution File, Format Version 12.00
# Visual Studio 15
VisualStudioVersion = 15.0.27004.2009
MinimumVisualStudioVersion = 10.0.40219.1
Project("{FAE04EC0-301F-11D3-BF4B-00C04F79EFBC}") = "BilinearInterpolationMVP", "BilinearInterpolationMVP\BilinearInterpolationMVP.csproj", "{2C40A9D5-B06B-42A2-8C50-5066CE70E314}"
EndProject
Project("{8BC9CEB8-8B4A-11D0-8D11-00A0C91BC942}") = "MediaLibrary", "MediaLibrary\MediaLibrary.vcxproj", "{674B305A-E7B8-4A82-BF45-4B34595CD820}"
EndProject
Project("{FAE04EC0-301F-11D3-BF4B-00C04F79EFBC}") = "MediaLibraryProxy", "MediaLibraryProxy\MediaLibraryProxy.csproj", "{7FDBACFB-4E3B-4B26-8612-E9FDB0D08B4B}"
EndProject
Global
	GlobalSection(SolutionConfigurationPlatforms) = preSolution
		Debug|Any CPU = Debug|Any CPU
		Debug|x64 = Debug|x64
		Debug|x86 = Debug|x86
		Release|Any CPU = Release|Any CPU
		Release|x64 = Release|x64
		Release|x86 = Release|x86
	EndGlobalSection
	GlobalSection(ProjectConfigurationPlatforms) = postSolution
		{2C40A9D5-B06B-42A2-8C50-5066CE70E314}.Debug|Any CPU.ActiveCfg = Debug|Any CPU
		{2C40A9D5-B06B-42A2-8C50-5066CE70E314}.Debug|Any CPU.Build.0 = Debug|Any CPU
		{2C40A9D5-B06B-42A2-8C50-5066CE70E314}.Debug|x64.ActiveCfg = Debug|Any CPU
		{2C40A9D5-B06B-42A2-8C50-5066CE70E314}.Debug|x64.Build.0 = Debug|Any CPU
		{2C40A9D5-B06B-42A2-8C50-5066CE70E314}.Debug|x86.ActiveCfg = Debug|Any CPU
		{2C40A9D5-B06B-42A2-8C50-5066CE70E314}.Debug|x86.Build.0 = Debug|Any CPU
		{2C40A9D5-B06B-42A2-8C50-5066CE70E314}.Release|Any CPU.ActiveCfg = Release|Any CPU
		{2C40A9D5-B06B-42A2-8C50-5066CE70E314}.Release|Any CPU.Build.0 = Release|Any CPU
		{2C40A9D5-B06B-42A2-8C50-5066CE70E314}.Release|x64.ActiveCfg = Release|Any CPU
		{2C40A9D5-B06B-42A2-8C50-5066CE70E314}.Release|x64.Build.0 = Release|Any CPU
		{2C40A9D5-B06B-42A2-8C50-5066CE70E314}.Release|x86.ActiveCfg = Release|Any CPU
		{2C40A9D5-B06B-42A2-8C50-5066CE70E314}.Release|x86.Build.0 = Release|Any CPU
		{674B305A-E7B8-4A82-BF45-4B34595CD820}.Debug|Any CPU.ActiveCfg = Debug|Win32
		{674B305A-E7B8-4A82-BF45-4B34595CD820}.Debug|x64.ActiveCfg = Debug|x64
		{674B305A-E7B8-4A82-BF45-4B34595CD820}.Debug|x64.Build.0 = Debug|x64
		{674B305A-E7B8-4A82-BF45-4B34595CD820}.Debug|x86.ActiveCfg = Debug|Win32
		{674B305A-E7B8-4A82-BF45-4B34595CD820}.Debug|x86.Build.0 = Debug|Win32
		{674B305A-E7B8-4A82-BF45-4B34595CD820}.Release|Any CPU.ActiveCfg = Release|Win32
		{674B305A-E7B8-4A82-BF45-4B34595CD820}.Release|x64.ActiveCfg = Release|x64
		{674B305A-E7B8-4A82-BF45-4B34595CD820}.Release|x64.Build.0 = Release|x64
		{674B305A-E7B8-4A82-BF45-4B34595CD820}.Release|x86.ActiveCfg = Release|Win32
		{674B305A-E7B8-4A82-BF45-4B34595CD820}.Release|x86.Build.0 = Release|Win32
		{7FDBACFB-4E3B-4B26-8612-E9FDB0D08B4B}.Debug|Any CPU.ActiveCfg = Debug|Any CPU
		{7FDBACFB-4E3B-4B26-8612-E9FDB0D08B4B}.Debug|Any CPU.Build.0 = Debug|Any CPU
		{7FDBACFB-4E3B-4B26-8612-E9FDB0D08B4B}.Debug|x64.ActiveCfg = Debug|Any CPU
		{7FDBACFB-4E3B-4B26-8612-E9FDB0D08B4B}.Debug|x64.Build.0 = Debug|Any CPU
		{7FDBACFB-4E3B-4B26-8612-E9FDB0D08B4B}.Debug|x86.ActiveCfg = Debug|Any CPU
		{7FDBACFB-4E3B-4B26-8612-E9FDB0D08B4B}.Debug|x86.Build.0 = Debug|Any CPU
		{7FDBACFB-4E3B-4B26-8612-E9FDB0D08B4B}.Release|Any CPU.ActiveCfg = Release|Any CPU
		{7FDBACFB-4E3B-4B26-8612-E9FDB0D08B4B}.Release|Any CPU.Build.0 = Release|Any CPU
		{7FDBACFB-4E3B-4B26-8612-E9FDB0D08B4B}.Release|x64.ActiveCfg = Release|Any CPU
		{7FDBACFB-4E3B-4B26-8612-E9FDB0D08B4B}.Release|x64.Build.0 = Release|Any CPU
		{7FDBACFB-4E3B-4B26-8612-E9FDB0D08B4B}.Release|x86.ActiveCfg = Release|Any CPU
		{7FDBACFB-4E3B-4B26-8612-E9FDB0D08B4B}.Release|x86.Build.0 = Release|Any CPU
	EndGlobalSection
	GlobalSection(SolutionProperties) = preSolution
		HideSolutionNode = FALSE
	EndGlobalSection
	GlobalSection(ExtensibilityGlobals) = postSolution
		SolutionGuid = {8E45C9BD-2317-44DB-85D5-1E0E1AB26EDC}
	EndGlobalSection
EndGlobal
